
Microsoft Visual Studio Solution File, Format Version 12.00
# Visual Studio Version 16
VisualStudioVersion = 16.0.31112.23
MinimumVisualStudioVersion = 10.0.40219.1
Project("{FAE04EC0-301F-11D3-BF4B-00C04F79EFBC}") = "Godot", "Godot.csproj", "{E68E74D0-8080-4D6F-92FE-FDD97287964E}"
EndProject
Global
	GlobalSection(SolutionConfigurationPlatforms) = preSolution
		Debug|Any CPU = Debug|Any CPU
		ExportDebug|Any CPU = ExportDebug|Any CPU
		ExportRelease|Any CPU = ExportRelease|Any CPU
	EndGlobalSection
	GlobalSection(ProjectConfigurationPlatforms) = postSolution
		{E68E74D0-8080-4D6F-92FE-FDD97287964E}.Debug|Any CPU.ActiveCfg = Debug|Any CPU
		{E68E74D0-8080-4D6F-92FE-FDD97287964E}.Debug|Any CPU.Build.0 = Debug|Any CPU
		{E68E74D0-8080-4D6F-92FE-FDD97287964E}.ExportDebug|Any CPU.ActiveCfg = ExportDebug|Any CPU
		{E68E74D0-8080-4D6F-92FE-FDD97287964E}.ExportDebug|Any CPU.Build.0 = ExportDebug|Any CPU
		{E68E74D0-8080-4D6F-92FE-FDD97287964E}.ExportRelease|Any CPU.ActiveCfg = ExportRelease|Any CPU
		{E68E74D0-8080-4D6F-92FE-FDD97287964E}.ExportRelease|Any CPU.Build.0 = ExportRelease|Any CPU
	EndGlobalSection
	GlobalSection(SolutionProperties) = preSolution
		HideSolutionNode = FALSE
	EndGlobalSection
	GlobalSection(ExtensibilityGlobals) = postSolution
		SolutionGuid = {045FC961-4B62-4584-BB65-60C9FE25520B}
	EndGlobalSection
EndGlobal
